
Microsoft Visual Studio Solution File, Format Version 12.00
# Visual Studio 15
Project("{FAE04EC0-301F-11D3-BF4B-00C04F79EFBC}") = "Assembly-CSharp", "Assembly-CSharp.csproj", "{49C754A6-B34E-4713-DD9D-98E39FBEC61D}"
EndProject
Project("{FAE04EC0-301F-11D3-BF4B-00C04F79EFBC}") = "Assembly-CSharp-Editor", "Assembly-CSharp-Editor.csproj", "{75AC0B99-2043-7B69-C8CE-76F1E59BAC1B}"
EndProject
Global
	GlobalSection(SolutionConfigurationPlatforms) = preSolution
		Debug|Any CPU = Debug|Any CPU
		Release|Any CPU = Release|Any CPU
	EndGlobalSection
	GlobalSection(ProjectConfigurationPlatforms) = postSolution
		{49C754A6-B34E-4713-DD9D-98E39FBEC61D}.Debug|Any CPU.ActiveCfg = Debug|Any CPU
		{49C754A6-B34E-4713-DD9D-98E39FBEC61D}.Debug|Any CPU.Build.0 = Debug|Any CPU
		{49C754A6-B34E-4713-DD9D-98E39FBEC61D}.Release|Any CPU.ActiveCfg = Release|Any CPU
		{49C754A6-B34E-4713-DD9D-98E39FBEC61D}.Release|Any CPU.Build.0 = Release|Any CPU
		{75AC0B99-2043-7B69-C8CE-76F1E59BAC1B}.Debug|Any CPU.ActiveCfg = Debug|Any CPU
		{75AC0B99-2043-7B69-C8CE-76F1E59BAC1B}.Debug|Any CPU.Build.0 = Debug|Any CPU
		{75AC0B99-2043-7B69-C8CE-76F1E59BAC1B}.Release|Any CPU.ActiveCfg = Release|Any CPU
		{75AC0B99-2043-7B69-C8CE-76F1E59BAC1B}.Release|Any CPU.Build.0 = Release|Any CPU
	EndGlobalSection
	GlobalSection(SolutionProperties) = preSolution
		HideSolutionNode = FALSE
	EndGlobalSection
EndGlobal
